
Microsoft Visual Studio Solution File, Format Version 12.00
# Visual Studio Version 16
VisualStudioVersion = 16.0.31112.23
MinimumVisualStudioVersion = 10.0.40219.1
Project("{FAE04EC0-301F-11D3-BF4B-00C04F79EFBC}") = "ArticleWpfApp", "ArticleWpfApp\ArticleWpfApp.csproj", "{77B5B3EA-CCF0-4FF7-9D00-3058EFA62D71}"
EndProject
Project("{FAE04EC0-301F-11D3-BF4B-00C04F79EFBC}") = "ArticleLibrary", "ArticleLibrary\ArticleLibrary.csproj", "{80AFBBAD-EF8C-4982-9D61-EC2F4BBEE134}"
EndProject
Project("{FAE04EC0-301F-11D3-BF4B-00C04F79EFBC}") = "ArticleHost", "ArticleHost\ArticleHost.csproj", "{B830958C-21A3-43E0-852E-C25B1CDD4025}"
EndProject
Global
	GlobalSection(SolutionConfigurationPlatforms) = preSolution
		Debug|Any CPU = Debug|Any CPU
		Release|Any CPU = Release|Any CPU
	EndGlobalSection
	GlobalSection(ProjectConfigurationPlatforms) = postSolution
		{77B5B3EA-CCF0-4FF7-9D00-3058EFA62D71}.Debug|Any CPU.ActiveCfg = Debug|Any CPU
		{77B5B3EA-CCF0-4FF7-9D00-3058EFA62D71}.Debug|Any CPU.Build.0 = Debug|Any CPU
		{77B5B3EA-CCF0-4FF7-9D00-3058EFA62D71}.Release|Any CPU.ActiveCfg = Release|Any CPU
		{77B5B3EA-CCF0-4FF7-9D00-3058EFA62D71}.Release|Any CPU.Build.0 = Release|Any CPU
		{80AFBBAD-EF8C-4982-9D61-EC2F4BBEE134}.Debug|Any CPU.ActiveCfg = Debug|Any CPU
		{80AFBBAD-EF8C-4982-9D61-EC2F4BBEE134}.Debug|Any CPU.Build.0 = Debug|Any CPU
		{80AFBBAD-EF8C-4982-9D61-EC2F4BBEE134}.Release|Any CPU.ActiveCfg = Release|Any CPU
		{80AFBBAD-EF8C-4982-9D61-EC2F4BBEE134}.Release|Any CPU.Build.0 = Release|Any CPU
		{B830958C-21A3-43E0-852E-C25B1CDD4025}.Debug|Any CPU.ActiveCfg = Debug|Any CPU
		{B830958C-21A3-43E0-852E-C25B1CDD4025}.Debug|Any CPU.Build.0 = Debug|Any CPU
		{B830958C-21A3-43E0-852E-C25B1CDD4025}.Release|Any CPU.ActiveCfg = Release|Any CPU
		{B830958C-21A3-43E0-852E-C25B1CDD4025}.Release|Any CPU.Build.0 = Release|Any CPU
	EndGlobalSection
	GlobalSection(SolutionProperties) = preSolution
		HideSolutionNode = FALSE
	EndGlobalSection
	GlobalSection(ExtensibilityGlobals) = postSolution
		SolutionGuid = {EDE2B13C-02F6-4DE7-924E-41BBBF0BDEBD}
	EndGlobalSection
EndGlobal
